
Microsoft Visual Studio Solution File, Format Version 11.00
# Visual Studio 2010
Project("{8BC9CEB8-8B4A-11D0-8D11-00A0C91BC942}") = "MapEditor", "MapEditor\MapEditor.vcxproj", "{CA2189E8-EE7A-48A5-A535-AE8B89B4CACA}"
EndProject
Global
	GlobalSection(SolutionConfigurationPlatforms) = preSolution
		Debug|Win32 = Debug|Win32
		Release|Win32 = Release|Win32
	EndGlobalSection
	GlobalSection(ProjectConfigurationPlatforms) = postSolution
		{CA2189E8-EE7A-48A5-A535-AE8B89B4CACA}.Debug|Win32.ActiveCfg = Debug|Win32
		{CA2189E8-EE7A-48A5-A535-AE8B89B4CACA}.Debug|Win32.Build.0 = Debug|Win32
		{CA2189E8-EE7A-48A5-A535-AE8B89B4CACA}.Release|Win32.ActiveCfg = Release|Win32
		{CA2189E8-EE7A-48A5-A535-AE8B89B4CACA}.Release|Win32.Build.0 = Release|Win32
	EndGlobalSection
	GlobalSection(SolutionProperties) = preSolution
		HideSolutionNode = FALSE
	EndGlobalSection
EndGlobal
